
Microsoft Visual Studio Solution File, Format Version 12.00
# Visual Studio Version 17
VisualStudioVersion = 17.4.33205.214
MinimumVisualStudioVersion = 10.0.40219.1
Project("{FAE04EC0-301F-11D3-BF4B-00C04F79EFBC}") = "WorkerService1", "WorkerService1\WorkerService1.csproj", "{75C384BF-DB38-4265-A9ED-682BE383976E}"
EndProject
Global
	GlobalSection(SolutionConfigurationPlatforms) = preSolution
		Debug|Any CPU = Debug|Any CPU
		Release|Any CPU = Release|Any CPU
	EndGlobalSection
	GlobalSection(ProjectConfigurationPlatforms) = postSolution
		{75C384BF-DB38-4265-A9ED-682BE383976E}.Debug|Any CPU.ActiveCfg = Debug|Any CPU
		{75C384BF-DB38-4265-A9ED-682BE383976E}.Debug|Any CPU.Build.0 = Debug|Any CPU
		{75C384BF-DB38-4265-A9ED-682BE383976E}.Release|Any CPU.ActiveCfg = Release|Any CPU
		{75C384BF-DB38-4265-A9ED-682BE383976E}.Release|Any CPU.Build.0 = Release|Any CPU
	EndGlobalSection
	GlobalSection(SolutionProperties) = preSolution
		HideSolutionNode = FALSE
	EndGlobalSection
	GlobalSection(ExtensibilityGlobals) = postSolution
		SolutionGuid = {912776E2-451E-418B-9D2D-E6C9E6A73E4E}
	EndGlobalSection
EndGlobal
